github.com/Azure/azure-sdk-for-go/sdk/azcore v1.1.4 h1:pqrAR74b6EoR4kcxF7L7Wg2B8Jgil9UUZtMvxhEFqWo=
github.com/Azure/azure-sdk-for-go/sdk/azcore v1.1.4/go.mod h1:uGG2W01BaETf0Ozp+QxxKJdMBNRWPdstHG0Fmdwn1/U=
github.com/Azure/azure-sdk-for-go/sdk/internal v1.0.1 h1:XUNQ4mw+zJmaA2KXzP9JlQiecy1SI+Eog7xVkPiqIbg=
github.com/Azure/azure-sdk-for-go/sdk/internal v1.0.1/go.mod h1:eWRD7oawr1Mu1sLCawqVc0CUiF43ia3qQMxLscsKQ9w=
github.com/Azure/azure-sdk-for-go/sdk/storage/azblob v0.6.1 h1:YvQv9Mz6T8oR5ypQOL6erY0Z5t71ak1uHV4QFokCOZk=
github.com/Azure/azure-sdk-for-go/sdk/storage/azblob v0.6.1/go.mod h1:c6WvOhtmjNUWbLfOG1qxM/q0SPvQNSVJvolm+C52dIU=
github.com/emersion/go-sasl v0.0.0-20200509203442-7bfe0ed36a21 h1:OJyUGMJTzHTd1XQp98QTaHernxMYzRaOasRir9hUlFQ=
github.com/emersion/go-sasl v0.0.0-20200509203442-7bfe0ed36a21/go.mod h1:iL2twTeMvZnrg54ZoPDNfJaJaqy0xIQFuBdrLsmspwQ=
github.com/emersion/go-smtp v0.15.0 h1:3+hMGMGrqP/lqd7qoxZc1hTU8LY8gHV9RFGWlqSDmP8=
github.com/emersion/go-smtp v0.15.0/go.mod h1:qm27SGYgoIPRot6ubfQ/GpiPy/g3PaZAVRxiO/sDUgQ=
golang.org/x/net v0.0.0-20220425223048-2871e0cb64e4 h1:HVyaeDAYux4pnY+D/SiwmLOR36ewZ4iGQIIrtnuCjFA=
golang.org/x/net v0.0.0-20220425223048-2871e0cb64e4/go.mod h1:CfG3xpIq0wQ8r1q4Su4UZFWDARRcnwPjda9FqA0JpMk=
golang.org/x/text v0.3.7 h1:olpwvP2KacW1ZWvsR7uQhoyTYvKAupfQrRGBFM352Gk=
golang.org/x/text v0.3.7/go.mod h1:u+2+/6zg+i71rQMx5EYifcz6MCKuco9NR6JIITiCfzQ=
